
Microsoft Visual Studio Solution File, Format Version 12.00
# Visual Studio Version 17
VisualStudioVersion = 17.4.33110.190
MinimumVisualStudioVersion = 10.0.40219.1
Project("{FAE04EC0-301F-11D3-BF4B-00C04F79EFBC}") = "RadCalc", "RadCalc.csproj", "{FF2625F4-FBC8-4C19-A04C-DDA5809699FB}"
EndProject
Global
	GlobalSection(SolutionConfigurationPlatforms) = preSolution
		Debug|Any CPU = Debug|Any CPU
		Release|Any CPU = Release|Any CPU
	EndGlobalSection
	GlobalSection(ProjectConfigurationPlatforms) = postSolution
		{FF2625F4-FBC8-4C19-A04C-DDA5809699FB}.Debug|Any CPU.ActiveCfg = Debug|Any CPU
		{FF2625F4-FBC8-4C19-A04C-DDA5809699FB}.Debug|Any CPU.Build.0 = Debug|Any CPU
		{FF2625F4-FBC8-4C19-A04C-DDA5809699FB}.Release|Any CPU.ActiveCfg = Release|Any CPU
		{FF2625F4-FBC8-4C19-A04C-DDA5809699FB}.Release|Any CPU.Build.0 = Release|Any CPU
	EndGlobalSection
	GlobalSection(SolutionProperties) = preSolution
		HideSolutionNode = FALSE
	EndGlobalSection
	GlobalSection(ExtensibilityGlobals) = postSolution
		SolutionGuid = {130E47F1-2AF8-43B6-A9EF-7E2DC0A7B37C}
	EndGlobalSection
EndGlobal
