
Microsoft Visual Studio Solution File, Format Version 12.00
# Visual Studio Version 17
VisualStudioVersion = 17.4.33103.184
MinimumVisualStudioVersion = 10.0.40219.1
Project("{9A19103F-16F7-4668-BE54-9A1E7A4F7556}") = "Gapotchenko.Turbo.CocoR", "Gapotchenko.Turbo.CocoR\Gapotchenko.Turbo.CocoR.csproj", "{61CC1A73-FB30-4D48-9A37-05ADD1A4A2E3}"
EndProject
Project("{2150E333-8FDC-42A3-9474-1A3956D46DE8}") = "02. Misc", "02. Misc", "{29497675-5E90-4B88-B6A4-40BEFFCE3283}"
	ProjectSection(SolutionItems) = preProject
		..\README.md = ..\README.md
	EndProjectSection
EndProject
Project("{2150E333-8FDC-42A3-9474-1A3956D46DE8}") = "Mastering", "Mastering", "{9FFFBD72-CEF8-401E-83E6-F653C3DC71FE}"
	ProjectSection(SolutionItems) = preProject
		Mastering\Language.props = Mastering\Language.props
		Mastering\NuGet.props = Mastering\NuGet.props
		Mastering\Product.props = Mastering\Product.props
		Mastering\Publish.props = Mastering\Publish.props
		Mastering\Targeting.props = Mastering\Targeting.props
		Mastering\Version.props = Mastering\Version.props
	EndProjectSection
EndProject
Project("{2150E333-8FDC-42A3-9474-1A3956D46DE8}") = "01. Modules", "01. Modules", "{AF715B93-5752-4B50-BB40-8909BD731B53}"
EndProject
Project("{2150E333-8FDC-42A3-9474-1A3956D46DE8}") = "Documentation", "Documentation", "{8BA0B816-BF22-4763-87A3-EBF1E7D752A9}"
	ProjectSection(SolutionItems) = preProject
		..\Documentation\Changelog.md = ..\Documentation\Changelog.md
	EndProjectSection
EndProject
Project("{9A19103F-16F7-4668-BE54-9A1E7A4F7556}") = "Gapotchenko.Turbo.CocoR.Integration.MSBuild", "Integration\MSBuild\Gapotchenko.Turbo.CocoR.Integration.MSBuild\Gapotchenko.Turbo.CocoR.Integration.MSBuild.csproj", "{6E9EF33B-ECCD-42D1-A690-E1F352C90898}"
EndProject
Project("{2150E333-8FDC-42A3-9474-1A3956D46DE8}") = "MSBuild", "MSBuild", "{E3FA69FD-73DF-4A9D-B02F-F76C5A66C2DA}"
	ProjectSection(SolutionItems) = preProject
		Integration\MSBuild\README.md = Integration\MSBuild\README.md
	EndProjectSection
EndProject
Project("{2150E333-8FDC-42A3-9474-1A3956D46DE8}") = "Integration", "Integration", "{193270DA-B46E-4E98-9A7D-0E1D05DE8093}"
EndProject
Project("{9A19103F-16F7-4668-BE54-9A1E7A4F7556}") = "Gapotchenko.Turbo.CocoR.Integration.MSBuild.Tasks", "Integration\MSBuild\Gapotchenko.Turbo.CocoR.Integration.MSBuild.Tasks\Gapotchenko.Turbo.CocoR.Integration.MSBuild.Tasks.csproj", "{E667190A-54B7-4C5A-AE99-3B8E0A33F409}"
EndProject
Project("{2150E333-8FDC-42A3-9474-1A3956D46DE8}") = "Notes", "Notes", "{8521D030-CD2D-41C3-86FC-D19B74F974BB}"
	ProjectSection(SolutionItems) = preProject
		..\Documentation\Notes\Errors.md = ..\Documentation\Notes\Errors.md
	EndProjectSection
EndProject
Global
	GlobalSection(SolutionConfigurationPlatforms) = preSolution
		Debug|Any CPU = Debug|Any CPU
		Release|Any CPU = Release|Any CPU
	EndGlobalSection
	GlobalSection(ProjectConfigurationPlatforms) = postSolution
		{61CC1A73-FB30-4D48-9A37-05ADD1A4A2E3}.Debug|Any CPU.ActiveCfg = Debug|Any CPU
		{61CC1A73-FB30-4D48-9A37-05ADD1A4A2E3}.Debug|Any CPU.Build.0 = Debug|Any CPU
		{61CC1A73-FB30-4D48-9A37-05ADD1A4A2E3}.Release|Any CPU.ActiveCfg = Release|Any CPU
		{61CC1A73-FB30-4D48-9A37-05ADD1A4A2E3}.Release|Any CPU.Build.0 = Release|Any CPU
		{6E9EF33B-ECCD-42D1-A690-E1F352C90898}.Debug|Any CPU.ActiveCfg = Debug|Any CPU
		{6E9EF33B-ECCD-42D1-A690-E1F352C90898}.Release|Any CPU.ActiveCfg = Release|Any CPU
		{E667190A-54B7-4C5A-AE99-3B8E0A33F409}.Debug|Any CPU.ActiveCfg = Debug|Any CPU
		{E667190A-54B7-4C5A-AE99-3B8E0A33F409}.Debug|Any CPU.Build.0 = Debug|Any CPU
		{E667190A-54B7-4C5A-AE99-3B8E0A33F409}.Release|Any CPU.ActiveCfg = Release|Any CPU
		{E667190A-54B7-4C5A-AE99-3B8E0A33F409}.Release|Any CPU.Build.0 = Release|Any CPU
	EndGlobalSection
	GlobalSection(SolutionProperties) = preSolution
		HideSolutionNode = FALSE
	EndGlobalSection
	GlobalSection(NestedProjects) = preSolution
		{61CC1A73-FB30-4D48-9A37-05ADD1A4A2E3} = {AF715B93-5752-4B50-BB40-8909BD731B53}
		{9FFFBD72-CEF8-401E-83E6-F653C3DC71FE} = {29497675-5E90-4B88-B6A4-40BEFFCE3283}
		{8BA0B816-BF22-4763-87A3-EBF1E7D752A9} = {29497675-5E90-4B88-B6A4-40BEFFCE3283}
		{6E9EF33B-ECCD-42D1-A690-E1F352C90898} = {E3FA69FD-73DF-4A9D-B02F-F76C5A66C2DA}
		{E3FA69FD-73DF-4A9D-B02F-F76C5A66C2DA} = {193270DA-B46E-4E98-9A7D-0E1D05DE8093}
		{193270DA-B46E-4E98-9A7D-0E1D05DE8093} = {AF715B93-5752-4B50-BB40-8909BD731B53}
		{E667190A-54B7-4C5A-AE99-3B8E0A33F409} = {E3FA69FD-73DF-4A9D-B02F-F76C5A66C2DA}
		{8521D030-CD2D-41C3-86FC-D19B74F974BB} = {8BA0B816-BF22-4763-87A3-EBF1E7D752A9}
	EndGlobalSection
	GlobalSection(ExtensibilityGlobals) = postSolution
		SolutionGuid = {3D35907F-C952-4174-A94D-D36D83652256}
	EndGlobalSection
EndGlobal
